{
  "name": "jsonpath-wasm-nodejs-example",
  "requires": true,
  "lockfileVersion": 1,
  "dependencies": {
    "jsonpath-wasm": {
      "version": "0.2.2",
      "resolved": "https://registry.npmjs.org/jsonpath-wasm/-/jsonpath-wasm-0.2.2.tgz",
      "integrity": "sha512-ftbf9nRLfHPf6RPBGCGvy27Cfh8DNU0Y446cT7znGf2UjbvFBE0Jwp2cwRGPvLBwIcD93BSp2o2BPq8cN7WLQw=="
    }
  }
}
