{
  "name": "jsonpath-wasm-nodejs-example",
  "requires": true,
  "lockfileVersion": 1,
  "dependencies": {
    "jsonpath-wasm": {
      "version": "0.2.4",
      "resolved": "https://registry.npmjs.org/jsonpath-wasm/-/jsonpath-wasm-0.2.4.tgz",
      "integrity": "sha512-sxvPEFMpAoNjxUQOkJmVyE3dKX7v4ebX5TkWKguyHteZpHJKlMQbgPKFYL0X3SIU7wAstpOl6hVODLThVmJf1w=="
    }
  }
}
